
Microsoft Visual Studio Solution File, Format Version 12.00
# Visual Studio Version 16
VisualStudioVersion = 16.0.32228.343
MinimumVisualStudioVersion = 10.0.40219.1
Project("{FAE04EC0-301F-11D3-BF4B-00C04F79EFBC}") = "Task1_12-04-2022", "Task1_12-04-2022\Task1_12-04-2022.csproj", "{91A90DF7-7EF2-45E1-834B-768034336EA4}"
EndProject
Global
	GlobalSection(SolutionConfigurationPlatforms) = preSolution
		Debug|Any CPU = Debug|Any CPU
		Release|Any CPU = Release|Any CPU
	EndGlobalSection
	GlobalSection(ProjectConfigurationPlatforms) = postSolution
		{91A90DF7-7EF2-45E1-834B-768034336EA4}.Debug|Any CPU.ActiveCfg = Debug|Any CPU
		{91A90DF7-7EF2-45E1-834B-768034336EA4}.Debug|Any CPU.Build.0 = Debug|Any CPU
		{91A90DF7-7EF2-45E1-834B-768034336EA4}.Release|Any CPU.ActiveCfg = Release|Any CPU
		{91A90DF7-7EF2-45E1-834B-768034336EA4}.Release|Any CPU.Build.0 = Release|Any CPU
	EndGlobalSection
	GlobalSection(SolutionProperties) = preSolution
		HideSolutionNode = FALSE
	EndGlobalSection
	GlobalSection(ExtensibilityGlobals) = postSolution
		SolutionGuid = {18EAED0F-953E-418D-A99E-21B3C51956A6}
	EndGlobalSection
EndGlobal
